
Microsoft Visual Studio Solution File, Format Version 12.00
# Visual Studio Version 17
VisualStudioVersion = 17.5.33424.131
MinimumVisualStudioVersion = 10.0.40219.1
Project("{8BC9CEB8-8B4A-11D0-8D11-00A0C91BC942}") = "HBsolution", "HBsolution.vcxproj", "{323E1E34-12C4-4BA3-9148-D1638F9F8B49}"
EndProject
Global
	GlobalSection(SolutionConfigurationPlatforms) = preSolution
		Debug|x64 = Debug|x64
		Debug|x86 = Debug|x86
		Release|x64 = Release|x64
		Release|x86 = Release|x86
	EndGlobalSection
	GlobalSection(ProjectConfigurationPlatforms) = postSolution
		{323E1E34-12C4-4BA3-9148-D1638F9F8B49}.Debug|x64.ActiveCfg = Debug|x64
		{323E1E34-12C4-4BA3-9148-D1638F9F8B49}.Debug|x64.Build.0 = Debug|x64
		{323E1E34-12C4-4BA3-9148-D1638F9F8B49}.Debug|x86.ActiveCfg = Debug|Win32
		{323E1E34-12C4-4BA3-9148-D1638F9F8B49}.Debug|x86.Build.0 = Debug|Win32
		{323E1E34-12C4-4BA3-9148-D1638F9F8B49}.Release|x64.ActiveCfg = Release|x64
		{323E1E34-12C4-4BA3-9148-D1638F9F8B49}.Release|x64.Build.0 = Release|x64
		{323E1E34-12C4-4BA3-9148-D1638F9F8B49}.Release|x86.ActiveCfg = Release|Win32
		{323E1E34-12C4-4BA3-9148-D1638F9F8B49}.Release|x86.Build.0 = Release|Win32
	EndGlobalSection
	GlobalSection(SolutionProperties) = preSolution
		HideSolutionNode = FALSE
	EndGlobalSection
	GlobalSection(ExtensibilityGlobals) = postSolution
		SolutionGuid = {2FF3D8D8-D09C-4BA4-B3B0-4EA7131E7402}
	EndGlobalSection
EndGlobal
